github.com/bsm/go-geohex v1.0.0 h1:kbaiz825r5TqLDajVcwSUS6MUJi5rPZdpJFHT4B0/y8=
github.com/bsm/go-geohex v1.0.0/go.mod h1:zzewiRqIrz+VgVnh1pra1hiKmv1EoVkH2cuvW3wyfmA=
github.com/ddo/rq v0.0.0-20190828174524-b3daa55fcaba h1:EMLQSxP68m4ddJpmMT+LizYO0AjrROprPXjll2CARj0=
github.com/ddo/rq v0.0.0-20190828174524-b3daa55fcaba/go.mod h1:XIayI7kdKklkc7yyWDBYMJLbK/AO4AchQUxdoSFcn+k=
github.com/ypm-llc/go-msearch-gsi-jp v0.0.0-20230425090133-cbf2f9b71fb9 h1:l8u/ydKTCARSd//ZO/DayWXJ5NNQUykQVpN8QQq+28o=
github.com/ypm-llc/go-msearch-gsi-jp v0.0.0-20230425090133-cbf2f9b71fb9/go.mod h1:bNzDcf6aV2s7rj9/xMWX+81s0W5+LQqy5MHVu07Y79o=
